
Microsoft Visual Studio Solution File, Format Version 12.00
# Visual Studio Version 16
VisualStudioVersion = 16.0.30320.27
MinimumVisualStudioVersion = 10.0.40219.1
Project("{FAE04EC0-301F-11D3-BF4B-00C04F79EFBC}") = "MISA.DemoTFS", "MISA.DemoTFS\MISA.DemoTFS.csproj", "{AC7044FF-A376-470A-984B-2BBC4B66546C}"
EndProject
Global
	GlobalSection(SolutionConfigurationPlatforms) = preSolution
		Debug|Any CPU = Debug|Any CPU
		Release|Any CPU = Release|Any CPU
	EndGlobalSection
	GlobalSection(ProjectConfigurationPlatforms) = postSolution
		{AC7044FF-A376-470A-984B-2BBC4B66546C}.Debug|Any CPU.ActiveCfg = Debug|Any CPU
		{AC7044FF-A376-470A-984B-2BBC4B66546C}.Debug|Any CPU.Build.0 = Debug|Any CPU
		{AC7044FF-A376-470A-984B-2BBC4B66546C}.Release|Any CPU.ActiveCfg = Release|Any CPU
		{AC7044FF-A376-470A-984B-2BBC4B66546C}.Release|Any CPU.Build.0 = Release|Any CPU
	EndGlobalSection
	GlobalSection(SolutionProperties) = preSolution
		HideSolutionNode = FALSE
	EndGlobalSection
	GlobalSection(ExtensibilityGlobals) = postSolution
		SolutionGuid = {2CF61AF0-DFB2-4F96-9FB2-095034FEC808}
	EndGlobalSection
EndGlobal
